// !$*UTF8*$!
{
	archiveVersion = 1;
	classes = {
	};
	objectVersion = 50;
	objects = {

/* Begin PBXBuildFile section */
		96DAF87524BEF1B90009C5B0 /* AppDelegate.swift in Sources */ = {isa = PBXBuildFile; fileRef = 96DAF87424BEF1B90009C5B0 /* AppDelegate.swift */; };
		96DAF87724BEF1B90009C5B0 /* SceneDelegate.swift in Sources */ = {isa = PBXBuildFile; fileRef = 96DAF87624BEF1B90009C5B0 /* SceneDelegate.swift */; };
		96DAF87924BEF1B90009C5B0 /* ViewController.swift in Sources */ = {isa = PBXBuildFile; fileRef = 96DAF87824BEF1B90009C5B0 /* ViewController.swift */; };
		96DAF87C24BEF1B90009C5B0 /* Main.storyboard in Resources */ = {isa = PBXBuildFile; fileRef = 96DAF87A24BEF1B90009C5B0 /* Main.storyboard */; };
		96DAF87E24BEF1BB0009C5B0 /* Assets.xcassets in Resources */ = {isa = PBXBuildFile; fileRef = 96DAF87D24BEF1BB0009C5B0 /* Assets.xcassets */; };
		96DAF88124BEF1BB0009C5B0 /* LaunchScreen.storyboard in Resources */ = {isa = PBXBuildFile; fileRef = 96DAF87F24BEF1BB0009C5B0 /* LaunchScreen.storyboard */; };
		96DAF88C24BEF1BB0009C5B0 /* test_pageViewControllerTests.swift in Sources */ = {isa = PBXBuildFile; fileRef = 96DAF88B24BEF1BB0009C5B0 /* test_pageViewControllerTests.swift */; };
		96DAF89724BEF1BB0009C5B0 /* test_pageViewControllerUITests.swift in Sources */ = {isa = PBXBuildFile; fileRef = 96DAF89624BEF1BB0009C5B0 /* test_pageViewControllerUITests.swift */; };
		96DAF8A524BEF6F30009C5B0 /* TextViewController.swift in Sources */ = {isa = PBXBuildFile; fileRef = 96DAF8A424BEF6F30009C5B0 /* TextViewController.swift */; };
/* End PBXBuildFile section */

/* Begin PBXContainerItemProxy section */
		96DAF88824BEF1BB0009C5B0 /* PBXContainerItemProxy */ = {
			isa = PBXContainerItemProxy;
			containerPortal = 96DAF86924BEF1B90009C5B0 /* Project object */;
			proxyType = 1;
			remoteGlobalIDString = 96DAF87024BEF1B90009C5B0;
			remoteInfo = test_pageViewController;
		};
		96DAF89324BEF1BB0009C5B0 /* PBXContainerItemProxy */ = {
			isa = PBXContainerItemProxy;
			containerPortal = 96DAF86924BEF1B90009C5B0 /* Project object */;
			proxyType = 1;
			remoteGlobalIDString = 96DAF87024BEF1B90009C5B0;
			remoteInfo = test_pageViewController;
		};
/* End PBXContainerItemProxy section */

/* Begin PBXFileReference section */
		96DAF87124BEF1B90009C5B0 /* test_pageViewController.app */ = {isa = PBXFileReference; explicitFileType = wrapper.application; includeInIndex = 0; path = test_pageViewController.app; sourceTree = BUILT_PRODUCTS_DIR; };
		96DAF87424BEF1B90009C5B0 /* AppDelegate.swift */ = {isa = PBXFileReference; lastKnownFileType = sourcecode.swift; path = AppDelegate.swift; sourceTree = "<group>"; };
		96DAF87624BEF1B90009C5B0 /* SceneDelegate.swift */ = {isa = PBXFileReference; lastKnownFileType = sourcecode.swift; path = SceneDelegate.swift; sourceTree = "<group>"; };
		96DAF87824BEF1B90009C5B0 /* ViewController.swift */ = {isa = PBXFileReference; lastKnownFileType = sourcecode.swift; path = ViewController.swift; sourceTree = "<group>"; };
		96DAF87B24BEF1B90009C5B0 /* Base */ = {isa = PBXFileReference; lastKnownFileType = file.storyboard; name = Base; path = Base.lproj/Main.storyboard; sourceTree = "<group>"; };
		96DAF87D24BEF1BB0009C5B0 /* Assets.xcassets */ = {isa = PBXFileReference; lastKnownFileType = folder.assetcatalog; path = Assets.xcassets; sourceTree = "<group>"; };
		96DAF88024BEF1BB0009C5B0 /* Base */ = {isa = PBXFileReference; lastKnownFileType = file.storyboard; name = Base; path = Base.lproj/LaunchScreen.storyboard; sourceTree = "<group>"; };
		96DAF88224BEF1BB0009C5B0 /* Info.plist */ = {isa = PBXFileReference; lastKnownFileType = text.plist.xml; path = Info.plist; sourceTree = "<group>"; };
		96DAF88724BEF1BB0009C5B0 /* test_pageViewControllerTests.xctest */ = {isa = PBXFileReference; explicitFileType = wrapper.cfbundle; includeInIndex = 0; path = test_pageViewControllerTests.xctest; sourceTree = BUILT_PRODUCTS_DIR; };
		96DAF88B24BEF1BB0009C5B0 /* test_pageViewControllerTests.swift */ = {isa = PBXFileReference; lastKnownFileType = sourcecode.swift; path = test_pageViewControllerTests.swift; sourceTree = "<group>"; };
		96DAF88D24BEF1BB0009C5B0 /* Info.plist */ = {isa = PBXFileReference; lastKnownFileType = text.plist.xml; path = Info.plist; sourceTree = "<group>"; };
		96DAF89224BEF1BB0009C5B0 /* test_pageViewControllerUITests.xctest */ = {isa = PBXFileReference; explicitFileType = wrapper.cfbundle; includeInIndex = 0; path = test_pageViewControllerUITests.xctest; sourceTree = BUILT_PRODUCTS_DIR; };
		96DAF89624BEF1BB0009C5B0 /* test_pageViewControllerUITests.swift */ = {isa = PBXFileReference; lastKnownFileType = sourcecode.swift; path = test_pageViewControllerUITests.swift; sourceTree = "<group>"; };
		96DAF89824BEF1BB0009C5B0 /* Info.plist */ = {isa = PBXFileReference; lastKnownFileType = text.plist.xml; path = Info.plist; sourceTree = "<group>"; };
		96DAF8A424BEF6F30009C5B0 /* TextViewController.swift */ = {isa = PBXFileReference; lastKnownFileType = sourcecode.swift; path = TextViewController.swift; sourceTree = "<group>"; };
/* End PBXFileReference section */

/* Begin PBXFrameworksBuildPhase section */
		96DAF86E24BEF1B90009C5B0 /* Frameworks */ = {
			isa = PBXFrameworksBuildPhase;
			buildActionMask = 2147483647;
			files = (
			);
			runOnlyForDeploymentPostprocessing = 0;
		};
		96DAF88424BEF1BB0009C5B0 /* Frameworks */ = {
			isa = PBXFrameworksBuildPhase;
			buildActionMask = 2147483647;
			files = (
			);
			runOnlyForDeploymentPostprocessing = 0;
		};
		96DAF88F24BEF1BB0009C5B0 /* Frameworks */ = {
			isa = PBXFrameworksBuildPhase;
			buildActionMask = 2147483647;
			files = (
			);
			runOnlyForDeploymentPostprocessing = 0;
		};
/* End PBXFrameworksBuildPhase section */

/* Begin PBXGroup section */
		96DAF86824BEF1B90009C5B0 = {
			isa = PBXGroup;
			children = (
				96DAF87324BEF1B90009C5B0 /* test_pageViewController */,
				96DAF88A24BEF1BB0009C5B0 /* test_pageViewControllerTests */,
				96DAF89524BEF1BB0009C5B0 /* test_pageViewControllerUITests */,
				96DAF87224BEF1B90009C5B0 /* Products */,
			);
			sourceTree = "<group>";
		};
		96DAF87224BEF1B90009C5B0 /* Products */ = {
			isa = PBXGroup;
			children = (
				96DAF87124BEF1B90009C5B0 /* test_pageViewController.app */,
				96DAF88724BEF1BB0009C5B0 /* test_pageViewControllerTests.xctest */,
				96DAF89224BEF1BB0009C5B0 /* test_pageViewControllerUITests.xctest */,
			);
			name = Products;
			sourceTree = "<group>";
		};
		96DAF87324BEF1B90009C5B0 /* test_pageViewController */ = {
			isa = PBXGroup;
			children = (
				96DAF87424BEF1B90009C5B0 /* AppDelegate.swift */,
				96DAF87624BEF1B90009C5B0 /* SceneDelegate.swift */,
				96DAF87824BEF1B90009C5B0 /* ViewController.swift */,
				96DAF87A24BEF1B90009C5B0 /* Main.storyboard */,
				96DAF87D24BEF1BB0009C5B0 /* Assets.xcassets */,
				96DAF87F24BEF1BB0009C5B0 /* LaunchScreen.storyboard */,
				96DAF88224BEF1BB0009C5B0 /* Info.plist */,
				96DAF8A424BEF6F30009C5B0 /* TextViewController.swift */,
			);
			path = test_pageViewController;
			sourceTree = "<group>";
		};
		96DAF88A24BEF1BB0009C5B0 /* test_pageViewControllerTests */ = {
			isa = PBXGroup;
			children = (
				96DAF88B24BEF1BB0009C5B0 /* test_pageViewControllerTests.swift */,
				96DAF88D24BEF1BB0009C5B0 /* Info.plist */,
			);
			path = test_pageViewControllerTests;
			sourceTree = "<group>";
		};
		96DAF89524BEF1BB0009C5B0 /* test_pageViewControllerUITests */ = {
			isa = PBXGroup;
			children = (
				96DAF89624BEF1BB0009C5B0 /* test_pageViewControllerUITests.swift */,
				96DAF89824BEF1BB0009C5B0 /* Info.plist */,
			);
			path = test_pageViewControllerUITests;
			sourceTree = "<group>";
		};
/* End PBXGroup section */

/* Begin PBXNativeTarget section */
		96DAF87024BEF1B90009C5B0 /* test_pageViewController */ = {
			isa = PBXNativeTarget;
			buildConfigurationList = 96DAF89B24BEF1BB0009C5B0 /* Build configuration list for PBXNativeTarget "test_pageViewController" */;
			buildPhases = (
				96DAF86D24BEF1B90009C5B0 /* Sources */,
				96DAF86E24BEF1B90009C5B0 /* Frameworks */,
				96DAF86F24BEF1B90009C5B0 /* Resources */,
			);
			buildRules = (
			);
			dependencies = (
			);
			name = test_pageViewController;
			productName = test_pageViewController;
			productReference = 96DAF87124BEF1B90009C5B0 /* test_pageViewController.app */;
			productType = "com.apple.product-type.application";
		};
		96DAF88624BEF1BB0009C5B0 /* test_pageViewControllerTests */ = {
			isa = PBXNativeTarget;
			buildConfigurationList = 96DAF89E24BEF1BB0009C5B0 /* Build configuration list for PBXNativeTarget "test_pageViewControllerTests" */;
			buildPhases = (
				96DAF88324BEF1BB0009C5B0 /* Sources */,
				96DAF88424BEF1BB0009C5B0 /* Frameworks */,
				96DAF88524BEF1BB0009C5B0 /* Resources */,
			);
			buildRules = (
			);
			dependencies = (
				96DAF88924BEF1BB0009C5B0 /* PBXTargetDependency */,
			);
			name = test_pageViewControllerTests;
			productName = test_pageViewControllerTests;
			productReference = 96DAF88724BEF1BB0009C5B0 /* test_pageViewControllerTests.xctest */;
			productType = "com.apple.product-type.bundle.unit-test";
		};
		96DAF89124BEF1BB0009C5B0 /* test_pageViewControllerUITests */ = {
			isa = PBXNativeTarget;
			buildConfigurationList = 96DAF8A124BEF1BB0009C5B0 /* Build configuration list for PBXNativeTarget "test_pageViewControllerUITests" */;
			buildPhases = (
				96DAF88E24BEF1BB0009C5B0 /* Sources */,
				96DAF88F24BEF1BB0009C5B0 /* Frameworks */,
				96DAF89024BEF1BB0009C5B0 /* Resources */,
			);
			buildRules = (
			);
			dependencies = (
				96DAF89424BEF1BB0009C5B0 /* PBXTargetDependency */,
			);
			name = test_pageViewControllerUITests;
			productName = test_pageViewControllerUITests;
			productReference = 96DAF89224BEF1BB0009C5B0 /* test_pageViewControllerUITests.xctest */;
			productType = "com.apple.product-type.bundle.ui-testing";
		};
/* End PBXNativeTarget section */

/* Begin PBXProject section */
		96DAF86924BEF1B90009C5B0 /* Project object */ = {
			isa = PBXProject;
			attributes = {
				LastSwiftUpdateCheck = 1150;
				LastUpgradeCheck = 1150;
				ORGANIZATIONNAME = "허예은";
				TargetAttributes = {
					96DAF87024BEF1B90009C5B0 = {
						CreatedOnToolsVersion = 11.5;
					};
					96DAF88624BEF1BB0009C5B0 = {
						CreatedOnToolsVersion = 11.5;
						TestTargetID = 96DAF87024BEF1B90009C5B0;
					};
					96DAF89124BEF1BB0009C5B0 = {
						CreatedOnToolsVersion = 11.5;
						TestTargetID = 96DAF87024BEF1B90009C5B0;
					};
				};
			};
			buildConfigurationList = 96DAF86C24BEF1B90009C5B0 /* Build configuration list for PBXProject "test_pageViewController" */;
			compatibilityVersion = "Xcode 9.3";
			developmentRegion = en;
			hasScannedForEncodings = 0;
			knownRegions = (
				en,
				Base,
			);
			mainGroup = 96DAF86824BEF1B90009C5B0;
			productRefGroup = 96DAF87224BEF1B90009C5B0 /* Products */;
			projectDirPath = "";
			projectRoot = "";
			targets = (
				96DAF87024BEF1B90009C5B0 /* test_pageViewController */,
				96DAF88624BEF1BB0009C5B0 /* test_pageViewControllerTests */,
				96DAF89124BEF1BB0009C5B0 /* test_pageViewControllerUITests */,
			);
		};
/* End PBXProject section */

/* Begin PBXResourcesBuildPhase section */
		96DAF86F24BEF1B90009C5B0 /* Resources */ = {
			isa = PBXResourcesBuildPhase;
			buildActionMask = 2147483647;
			files = (
				96DAF88124BEF1BB0009C5B0 /* LaunchScreen.storyboard in Resources */,
				96DAF87E24BEF1BB0009C5B0 /* Assets.xcassets in Resources */,
				96DAF87C24BEF1B90009C5B0 /* Main.storyboard in Resources */,
			);
			runOnlyForDeploymentPostprocessing = 0;
		};
		96DAF88524BEF1BB0009C5B0 /* Resources */ = {
			isa = PBXResourcesBuildPhase;
			buildActionMask = 2147483647;
			files = (
			);
			runOnlyForDeploymentPostprocessing = 0;
		};
		96DAF89024BEF1BB0009C5B0 /* Resources */ = {
			isa = PBXResourcesBuildPhase;
			buildActionMask = 2147483647;
			files = (
			);
			runOnlyForDeploymentPostprocessing = 0;
		};
/* End PBXResourcesBuildPhase section */

/* Begin PBXSourcesBuildPhase section */
		96DAF86D24BEF1B90009C5B0 /* Sources */ = {
			isa = PBXSourcesBuildPhase;
			buildActionMask = 2147483647;
			files = (
				96DAF87924BEF1B90009C5B0 /* ViewController.swift in Sources */,
				96DAF87524BEF1B90009C5B0 /* AppDelegate.swift in Sources */,
				96DAF87724BEF1B90009C5B0 /* SceneDelegate.swift in Sources */,
				96DAF8A524BEF6F30009C5B0 /* TextViewController.swift in Sources */,
			);
			runOnlyForDeploymentPostprocessing = 0;
		};
		96DAF88324BEF1BB0009C5B0 /* Sources */ = {
			isa = PBXSourcesBuildPhase;
			buildActionMask = 2147483647;
			files = (
				96DAF88C24BEF1BB0009C5B0 /* test_pageViewControllerTests.swift in Sources */,
			);
			runOnlyForDeploymentPostprocessing = 0;
		};
		96DAF88E24BEF1BB0009C5B0 /* Sources */ = {
			isa = PBXSourcesBuildPhase;
			buildActionMask = 2147483647;
			files = (
				96DAF89724BEF1BB0009C5B0 /* test_pageViewControllerUITests.swift in Sources */,
			);
			runOnlyForDeploymentPostprocessing = 0;
		};
/* End PBXSourcesBuildPhase section */

/* Begin PBXTargetDependency section */
		96DAF88924BEF1BB0009C5B0 /* PBXTargetDependency */ = {
			isa = PBXTargetDependency;
			target = 96DAF87024BEF1B90009C5B0 /* test_pageViewController */;
			targetProxy = 96DAF88824BEF1BB0009C5B0 /* PBXContainerItemProxy */;
		};
		96DAF89424BEF1BB0009C5B0 /* PBXTargetDependency */ = {
			isa = PBXTargetDependency;
			target = 96DAF87024BEF1B90009C5B0 /* test_pageViewController */;
			targetProxy = 96DAF89324BEF1BB0009C5B0 /* PBXContainerItemProxy */;
		};
/* End PBXTargetDependency section */

/* Begin PBXVariantGroup section */
		96DAF87A24BEF1B90009C5B0 /* Main.storyboard */ = {
			isa = PBXVariantGroup;
			children = (
				96DAF87B24BEF1B90009C5B0 /* Base */,
			);
			name = Main.storyboard;
			sourceTree = "<group>";
		};
		96DAF87F24BEF1BB0009C5B0 /* LaunchScreen.storyboard */ = {
			isa = PBXVariantGroup;
			children = (
				96DAF88024BEF1BB0009C5B0 /* Base */,
			);
			name = LaunchScreen.storyboard;
			sourceTree = "<group>";
		};
/* End PBXVariantGroup section */

/* Begin XCBuildConfiguration section */
		96DAF89924BEF1BB0009C5B0 /* Debug */ = {
			isa = XCBuildConfiguration;
			buildSettings = {
				ALWAYS_SEARCH_USER_PATHS = NO;
				CLANG_ANALYZER_NONNULL = YES;
				CLANG_ANALYZER_NUMBER_OBJECT_CONVERSION = YES_AGGRESSIVE;
				CLANG_CXX_LANGUAGE_STANDARD = "gnu++14";
				CLANG_CXX_LIBRARY = "libc++";
				CLANG_ENABLE_MODULES = YES;
				CLANG_ENABLE_OBJC_ARC = YES;
				CLANG_ENABLE_OBJC_WEAK = YES;
				CLANG_WARN_BLOCK_CAPTURE_AUTORELEASING = YES;
				CLANG_WARN_BOOL_CONVERSION = YES;
				CLANG_WARN_COMMA = YES;
				CLANG_WARN_CONSTANT_CONVERSION = YES;
				CLANG_WARN_DEPRECATED_OBJC_IMPLEMENTATIONS = YES;
				CLANG_WARN_DIRECT_OBJC_ISA_USAGE = YES_ERROR;
				CLANG_WARN_DOCUMENTATION_COMMENTS = YES;
				CLANG_WARN_EMPTY_BODY = YES;
				CLANG_WARN_ENUM_CONVERSION = YES;
				CLANG_WARN_INFINITE_RECURSION = YES;
				CLANG_WARN_INT_CONVERSION = YES;
				CLANG_WARN_NON_LITERAL_NULL_CONVERSION = YES;
				CLANG_WARN_OBJC_IMPLICIT_RETAIN_SELF = YES;
				CLANG_WARN_OBJC_LITERAL_CONVERSION = YES;
				CLANG_WARN_OBJC_ROOT_CLASS = YES_ERROR;
				CLANG_WARN_RANGE_LOOP_ANALYSIS = YES;
				CLANG_WARN_STRICT_PROTOTYPES = YES;
				CLANG_WARN_SUSPICIOUS_MOVE = YES;
				CLANG_WARN_UNGUARDED_AVAILABILITY = YES_AGGRESSIVE;
				CLANG_WARN_UNREACHABLE_CODE = YES;
				CLANG_WARN__DUPLICATE_METHOD_MATCH = YES;
				COPY_PHASE_STRIP = NO;
				DEBUG_INFORMATION_FORMAT = dwarf;
				ENABLE_STRICT_OBJC_MSGSEND = YES;
				ENABLE_TESTABILITY = YES;
				GCC_C_LANGUAGE_STANDARD = gnu11;
				GCC_DYNAMIC_NO_PIC = NO;
				GCC_NO_COMMON_BLOCKS = YES;
				GCC_OPTIMIZATION_LEVEL = 0;
				GCC_PREPROCESSOR_DEFINITIONS = (
					"DEBUG=1",
					"$(inherited)",
				);
				GCC_WARN_64_TO_32_BIT_CONVERSION = YES;
				GCC_WARN_ABOUT_RETURN_TYPE = YES_ERROR;
				GCC_WARN_UNDECLARED_SELECTOR = YES;
				GCC_WARN_UNINITIALIZED_AUTOS = YES_AGGRESSIVE;
				GCC_WARN_UNUSED_FUNCTION = YES;
				GCC_WARN_UNUSED_VARIABLE = YES;
				IPHONEOS_DEPLOYMENT_TARGET = 13.5;
				MTL_ENABLE_DEBUG_INFO = INCLUDE_SOURCE;
				MTL_FAST_MATH = YES;
				ONLY_ACTIVE_ARCH = YES;
				SDKROOT = iphoneos;
				SWIFT_ACTIVE_COMPILATION_CONDITIONS = DEBUG;
				SWIFT_OPTIMIZATION_LEVEL = "-Onone";
			};
			name = Debug;
		};
		96DAF89A24BEF1BB0009C5B0 /* Release */ = {
			isa = XCBuildConfiguration;
			buildSettings = {
				ALWAYS_SEARCH_USER_PATHS = NO;
				CLANG_ANALYZER_NONNULL = YES;
				CLANG_ANALYZER_NUMBER_OBJECT_CONVERSION = YES_AGGRESSIVE;
				CLANG_CXX_LANGUAGE_STANDARD = "gnu++14";
				CLANG_CXX_LIBRARY = "libc++";
				CLANG_ENABLE_MODULES = YES;
				CLANG_ENABLE_OBJC_ARC = YES;
				CLANG_ENABLE_OBJC_WEAK = YES;
				CLANG_WARN_BLOCK_CAPTURE_AUTORELEASING = YES;
				CLANG_WARN_BOOL_CONVERSION = YES;
				CLANG_WARN_COMMA = YES;
				CLANG_WARN_CONSTANT_CONVERSION = YES;
				CLANG_WARN_DEPRECATED_OBJC_IMPLEMENTATIONS = YES;
				CLANG_WARN_DIRECT_OBJC_ISA_USAGE = YES_ERROR;
				CLANG_WARN_DOCUMENTATION_COMMENTS = YES;
				CLANG_WARN_EMPTY_BODY = YES;
				CLANG_WARN_ENUM_CONVERSION = YES;
				CLANG_WARN_INFINITE_RECURSION = YES;
				CLANG_WARN_INT_CONVERSION = YES;
				CLANG_WARN_NON_LITERAL_NULL_CONVERSION = YES;
				CLANG_WARN_OBJC_IMPLICIT_RETAIN_SELF = YES;
				CLANG_WARN_OBJC_LITERAL_CONVERSION = YES;
				CLANG_WARN_OBJC_ROOT_CLASS = YES_ERROR;
				CLANG_WARN_RANGE_LOOP_ANALYSIS = YES;
				CLANG_WARN_STRICT_PROTOTYPES = YES;
				CLANG_WARN_SUSPICIOUS_MOVE = YES;
				CLANG_WARN_UNGUARDED_AVAILABILITY = YES_AGGRESSIVE;
				CLANG_WARN_UNREACHABLE_CODE = YES;
				CLANG_WARN__DUPLICATE_METHOD_MATCH = YES;
				COPY_PHASE_STRIP = NO;
				DEBUG_INFORMATION_FORMAT = "dwarf-with-dsym";
				ENABLE_NS_ASSERTIONS = NO;
				ENABLE_STRICT_OBJC_MSGSEND = YES;
				GCC_C_LANGUAGE_STANDARD = gnu11;
				GCC_NO_COMMON_BLOCKS = YES;
				GCC_WARN_64_TO_32_BIT_CONVERSION = YES;
				GCC_WARN_ABOUT_RETURN_TYPE = YES_ERROR;
				GCC_WARN_UNDECLARED_SELECTOR = YES;
				GCC_WARN_UNINITIALIZED_AUTOS = YES_AGGRESSIVE;
				GCC_WARN_UNUSED_FUNCTION = YES;
				GCC_WARN_UNUSED_VARIABLE = YES;
				IPHONEOS_DEPLOYMENT_TARGET = 13.5;
				MTL_ENABLE_DEBUG_INFO = NO;
				MTL_FAST_MATH = YES;
				SDKROOT = iphoneos;
				SWIFT_COMPILATION_MODE = wholemodule;
				SWIFT_OPTIMIZATION_LEVEL = "-O";
				VALIDATE_PRODUCT = YES;
			};
			name = Release;
		};
		96DAF89C24BEF1BB0009C5B0 /* Debug */ = {
			isa = XCBuildConfiguration;
			buildSettings = {
				ASSETCATALOG_COMPILER_APPICON_NAME = AppIcon;
				CODE_SIGN_STYLE = Automatic;
				DEVELOPMENT_TEAM = 3CY8UX9N2S;
				INFOPLIST_FILE = test_pageViewController/Info.plist;
				LD_RUNPATH_SEARCH_PATHS = (
					"$(inherited)",
					"@executable_path/Frameworks",
				);
				PRODUCT_BUNDLE_IDENTIFIER = "YEHEO.test-pageViewController";
				PRODUCT_NAME = "$(TARGET_NAME)";
				SWIFT_VERSION = 5.0;
				TARGETED_DEVICE_FAMILY = "1,2";
			};
			name = Debug;
		};
		96DAF89D24BEF1BB0009C5B0 /* Release */ = {
			isa = XCBuildConfiguration;
			buildSettings = {
				ASSETCATALOG_COMPILER_APPICON_NAME = AppIcon;
				CODE_SIGN_STYLE = Automatic;
				DEVELOPMENT_TEAM = 3CY8UX9N2S;
				INFOPLIST_FILE = test_pageViewController/Info.plist;
				LD_RUNPATH_SEARCH_PATHS = (
					"$(inherited)",
					"@executable_path/Frameworks",
				);
				PRODUCT_BUNDLE_IDENTIFIER = "YEHEO.test-pageViewController";
				PRODUCT_NAME = "$(TARGET_NAME)";
				SWIFT_VERSION = 5.0;
				TARGETED_DEVICE_FAMILY = "1,2";
			};
			name = Release;
		};
		96DAF89F24BEF1BB0009C5B0 /* Debug */ = {
			isa = XCBuildConfiguration;
			buildSettings = {
				ALWAYS_EMBED_SWIFT_STANDARD_LIBRARIES = YES;
				BUNDLE_LOADER = "$(TEST_HOST)";
				CODE_SIGN_STYLE = Automatic;
				DEVELOPMENT_TEAM = 3CY8UX9N2S;
				INFOPLIST_FILE = test_pageViewControllerTests/Info.plist;
				IPHONEOS_DEPLOYMENT_TARGET = 13.5;
				LD_RUNPATH_SEARCH_PATHS = (
					"$(inherited)",
					"@executable_path/Frameworks",
					"@loader_path/Frameworks",
				);
				PRODUCT_BUNDLE_IDENTIFIER = "YEHEO.test-pageViewControllerTests";
				PRODUCT_NAME = "$(TARGET_NAME)";
				SWIFT_VERSION = 5.0;
				TARGETED_DEVICE_FAMILY = "1,2";
				TEST_HOST = "$(BUILT_PRODUCTS_DIR)/test_pageViewController.app/test_pageViewController";
			};
			name = Debug;
		};
		96DAF8A024BEF1BB0009C5B0 /* Release */ = {
			isa = XCBuildConfiguration;
			buildSettings = {
				ALWAYS_EMBED_SWIFT_STANDARD_LIBRARIES = YES;
				BUNDLE_LOADER = "$(TEST_HOST)";
				CODE_SIGN_STYLE = Automatic;
				DEVELOPMENT_TEAM = 3CY8UX9N2S;
				INFOPLIST_FILE = test_pageViewControllerTests/Info.plist;
				IPHONEOS_DEPLOYMENT_TARGET = 13.5;
				LD_RUNPATH_SEARCH_PATHS = (
					"$(inherited)",
					"@executable_path/Frameworks",
					"@loader_path/Frameworks",
				);
				PRODUCT_BUNDLE_IDENTIFIER = "YEHEO.test-pageViewControllerTests";
				PRODUCT_NAME = "$(TARGET_NAME)";
				SWIFT_VERSION = 5.0;
				TARGETED_DEVICE_FAMILY = "1,2";
				TEST_HOST = "$(BUILT_PRODUCTS_DIR)/test_pageViewController.app/test_pageViewController";
			};
			name = Release;
		};
		96DAF8A224BEF1BB0009C5B0 /* Debug */ = {
			isa = XCBuildConfiguration;
			buildSettings = {
				ALWAYS_EMBED_SWIFT_STANDARD_LIBRARIES = YES;
				CODE_SIGN_STYLE = Automatic;
				DEVELOPMENT_TEAM = 3CY8UX9N2S;
				INFOPLIST_FILE = test_pageViewControllerUITests/Info.plist;
				LD_RUNPATH_SEARCH_PATHS = (
					"$(inherited)",
					"@executable_path/Frameworks",
					"@loader_path/Frameworks",
				);
				PRODUCT_BUNDLE_IDENTIFIER = "YEHEO.test-pageViewControllerUITests";
				PRODUCT_NAME = "$(TARGET_NAME)";
				SWIFT_VERSION = 5.0;
				TARGETED_DEVICE_FAMILY = "1,2";
				TEST_TARGET_NAME = test_pageViewController;
			};
			name = Debug;
		};
		96DAF8A324BEF1BB0009C5B0 /* Release */ = {
			isa = XCBuildConfiguration;
			buildSettings = {
				ALWAYS_EMBED_SWIFT_STANDARD_LIBRARIES = YES;
				CODE_SIGN_STYLE = Automatic;
				DEVELOPMENT_TEAM = 3CY8UX9N2S;
				INFOPLIST_FILE = test_pageViewControllerUITests/Info.plist;
				LD_RUNPATH_SEARCH_PATHS = (
					"$(inherited)",
					"@executable_path/Frameworks",
					"@loader_path/Frameworks",
				);
				PRODUCT_BUNDLE_IDENTIFIER = "YEHEO.test-pageViewControllerUITests";
				PRODUCT_NAME = "$(TARGET_NAME)";
				SWIFT_VERSION = 5.0;
				TARGETED_DEVICE_FAMILY = "1,2";
				TEST_TARGET_NAME = test_pageViewController;
			};
			name = Release;
		};
/* End XCBuildConfiguration section */

/* Begin XCConfigurationList section */
		96DAF86C24BEF1B90009C5B0 /* Build configuration list for PBXProject "test_pageViewController" */ = {
			isa = XCConfigurationList;
			buildConfigurations = (
				96DAF89924BEF1BB0009C5B0 /* Debug */,
				96DAF89A24BEF1BB0009C5B0 /* Release */,
			);
			defaultConfigurationIsVisible = 0;
			defaultConfigurationName = Release;
		};
		96DAF89B24BEF1BB0009C5B0 /* Build configuration list for PBXNativeTarget "test_pageViewController" */ = {
			isa = XCConfigurationList;
			buildConfigurations = (
				96DAF89C24BEF1BB0009C5B0 /* Debug */,
				96DAF89D24BEF1BB0009C5B0 /* Release */,
			);
			defaultConfigurationIsVisible = 0;
			defaultConfigurationName = Release;
		};
		96DAF89E24BEF1BB0009C5B0 /* Build configuration list for PBXNativeTarget "test_pageViewControllerTests" */ = {
			isa = XCConfigurationList;
			buildConfigurations = (
				96DAF89F24BEF1BB0009C5B0 /* Debug */,
				96DAF8A024BEF1BB0009C5B0 /* Release */,
			);
			defaultConfigurationIsVisible = 0;
			defaultConfigurationName = Release;
		};
		96DAF8A124BEF1BB0009C5B0 /* Build configuration list for PBXNativeTarget "test_pageViewControllerUITests" */ = {
			isa = XCConfigurationList;
			buildConfigurations = (
				96DAF8A224BEF1BB0009C5B0 /* Debug */,
				96DAF8A324BEF1BB0009C5B0 /* Release */,
			);
			defaultConfigurationIsVisible = 0;
			defaultConfigurationName = Release;
		};
/* End XCConfigurationList section */
	};
	rootObject = 96DAF86924BEF1B90009C5B0 /* Project object */;
}
