// !$*UTF8*$!
{
	archiveVersion = 1;
	classes = {
	};
	objectVersion = 55;
	objects = {

/* Begin PBXBuildFile section */
		96459AF02747BF6B00FF9E58 /* AppDelegate.swift in Sources */ = {isa = PBXBuildFile; fileRef = 96459AEF2747BF6B00FF9E58 /* AppDelegate.swift */; };
		96459AF22747BF6B00FF9E58 /* SceneDelegate.swift in Sources */ = {isa = PBXBuildFile; fileRef = 96459AF12747BF6B00FF9E58 /* SceneDelegate.swift */; };
		96459AF42747BF6B00FF9E58 /* MainViewController.swift in Sources */ = {isa = PBXBuildFile; fileRef = 96459AF32747BF6B00FF9E58 /* MainViewController.swift */; };
		96459AF92747BF6D00FF9E58 /* Assets.xcassets in Resources */ = {isa = PBXBuildFile; fileRef = 96459AF82747BF6D00FF9E58 /* Assets.xcassets */; };
		96459AFC2747BF6D00FF9E58 /* LaunchScreen.storyboard in Resources */ = {isa = PBXBuildFile; fileRef = 96459AFA2747BF6D00FF9E58 /* LaunchScreen.storyboard */; };
		96459B042747BFB500FF9E58 /* URLConsts.swift in Sources */ = {isa = PBXBuildFile; fileRef = 96459B032747BFB500FF9E58 /* URLConsts.swift */; };
		96459B082747C08500FF9E58 /* LogConfig.swift in Sources */ = {isa = PBXBuildFile; fileRef = 96459B072747C08500FF9E58 /* LogConfig.swift */; };
		96459B102747C45800FF9E58 /* MainViewModel.swift in Sources */ = {isa = PBXBuildFile; fileRef = 96459B0F2747C45800FF9E58 /* MainViewModel.swift */; };
		96459B122747CB7F00FF9E58 /* MainCell.swift in Sources */ = {isa = PBXBuildFile; fileRef = 96459B112747CB7F00FF9E58 /* MainCell.swift */; };
		96459B142747CE4700FF9E58 /* Lectures.swift in Sources */ = {isa = PBXBuildFile; fileRef = 96459B132747CE4700FF9E58 /* Lectures.swift */; };
		96459B172747CE6600FF9E58 /* Pagination.swift in Sources */ = {isa = PBXBuildFile; fileRef = 96459B162747CE6600FF9E58 /* Pagination.swift */; };
		96459B192747CE6E00FF9E58 /* Lecture.swift in Sources */ = {isa = PBXBuildFile; fileRef = 96459B182747CE6E00FF9E58 /* Lecture.swift */; };
		96459B1B2747CF9800FF9E58 /* MainService.swift in Sources */ = {isa = PBXBuildFile; fileRef = 96459B1A2747CF9800FF9E58 /* MainService.swift */; };
/* End PBXBuildFile section */

/* Begin PBXFileReference section */
		96459AEC2747BF6B00FF9E58 /* test_example.app */ = {isa = PBXFileReference; explicitFileType = wrapper.application; includeInIndex = 0; path = test_example.app; sourceTree = BUILT_PRODUCTS_DIR; };
		96459AEF2747BF6B00FF9E58 /* AppDelegate.swift */ = {isa = PBXFileReference; lastKnownFileType = sourcecode.swift; path = AppDelegate.swift; sourceTree = "<group>"; };
		96459AF12747BF6B00FF9E58 /* SceneDelegate.swift */ = {isa = PBXFileReference; lastKnownFileType = sourcecode.swift; path = SceneDelegate.swift; sourceTree = "<group>"; };
		96459AF32747BF6B00FF9E58 /* MainViewController.swift */ = {isa = PBXFileReference; lastKnownFileType = sourcecode.swift; path = MainViewController.swift; sourceTree = "<group>"; };
		96459AF82747BF6D00FF9E58 /* Assets.xcassets */ = {isa = PBXFileReference; lastKnownFileType = folder.assetcatalog; path = Assets.xcassets; sourceTree = "<group>"; };
		96459AFB2747BF6D00FF9E58 /* Base */ = {isa = PBXFileReference; lastKnownFileType = file.storyboard; name = Base; path = Base.lproj/LaunchScreen.storyboard; sourceTree = "<group>"; };
		96459AFD2747BF6D00FF9E58 /* Info.plist */ = {isa = PBXFileReference; lastKnownFileType = text.plist.xml; path = Info.plist; sourceTree = "<group>"; };
		96459B032747BFB500FF9E58 /* URLConsts.swift */ = {isa = PBXFileReference; lastKnownFileType = sourcecode.swift; path = URLConsts.swift; sourceTree = "<group>"; };
		96459B072747C08500FF9E58 /* LogConfig.swift */ = {isa = PBXFileReference; lastKnownFileType = sourcecode.swift; path = LogConfig.swift; sourceTree = "<group>"; };
		96459B0F2747C45800FF9E58 /* MainViewModel.swift */ = {isa = PBXFileReference; lastKnownFileType = sourcecode.swift; path = MainViewModel.swift; sourceTree = "<group>"; };
		96459B112747CB7F00FF9E58 /* MainCell.swift */ = {isa = PBXFileReference; lastKnownFileType = sourcecode.swift; path = MainCell.swift; sourceTree = "<group>"; };
		96459B132747CE4700FF9E58 /* Lectures.swift */ = {isa = PBXFileReference; lastKnownFileType = sourcecode.swift; path = Lectures.swift; sourceTree = "<group>"; };
		96459B162747CE6600FF9E58 /* Pagination.swift */ = {isa = PBXFileReference; lastKnownFileType = sourcecode.swift; path = Pagination.swift; sourceTree = "<group>"; };
		96459B182747CE6E00FF9E58 /* Lecture.swift */ = {isa = PBXFileReference; lastKnownFileType = sourcecode.swift; path = Lecture.swift; sourceTree = "<group>"; };
		96459B1A2747CF9800FF9E58 /* MainService.swift */ = {isa = PBXFileReference; lastKnownFileType = sourcecode.swift; path = MainService.swift; sourceTree = "<group>"; };
/* End PBXFileReference section */

/* Begin PBXFrameworksBuildPhase section */
		96459AE92747BF6B00FF9E58 /* Frameworks */ = {
			isa = PBXFrameworksBuildPhase;
			buildActionMask = 2147483647;
			files = (
			);
			runOnlyForDeploymentPostprocessing = 0;
		};
/* End PBXFrameworksBuildPhase section */

/* Begin PBXGroup section */
		96459AE32747BF6B00FF9E58 = {
			isa = PBXGroup;
			children = (
				96459AEE2747BF6B00FF9E58 /* test_example */,
				96459AED2747BF6B00FF9E58 /* Products */,
			);
			sourceTree = "<group>";
		};
		96459AED2747BF6B00FF9E58 /* Products */ = {
			isa = PBXGroup;
			children = (
				96459AEC2747BF6B00FF9E58 /* test_example.app */,
			);
			name = Products;
			sourceTree = "<group>";
		};
		96459AEE2747BF6B00FF9E58 /* test_example */ = {
			isa = PBXGroup;
			children = (
				96459AFD2747BF6D00FF9E58 /* Info.plist */,
				96459B092747C31B00FF9E58 /* Delegate */,
				96459B0B2747C33100FF9E58 /* Network */,
				96459B0C2747C34200FF9E58 /* Resource */,
				96459B0A2747C32800FF9E58 /* Scene */,
			);
			path = test_example;
			sourceTree = "<group>";
		};
		96459B092747C31B00FF9E58 /* Delegate */ = {
			isa = PBXGroup;
			children = (
				96459AEF2747BF6B00FF9E58 /* AppDelegate.swift */,
				96459AF12747BF6B00FF9E58 /* SceneDelegate.swift */,
			);
			path = Delegate;
			sourceTree = "<group>";
		};
		96459B0A2747C32800FF9E58 /* Scene */ = {
			isa = PBXGroup;
			children = (
				96459B0E2747C3EF00FF9E58 /* Main */,
			);
			path = Scene;
			sourceTree = "<group>";
		};
		96459B0B2747C33100FF9E58 /* Network */ = {
			isa = PBXGroup;
			children = (
				96459B032747BFB500FF9E58 /* URLConsts.swift */,
			);
			path = Network;
			sourceTree = "<group>";
		};
		96459B0C2747C34200FF9E58 /* Resource */ = {
			isa = PBXGroup;
			children = (
				96459B072747C08500FF9E58 /* LogConfig.swift */,
				96459AF82747BF6D00FF9E58 /* Assets.xcassets */,
				96459AFA2747BF6D00FF9E58 /* LaunchScreen.storyboard */,
			);
			path = Resource;
			sourceTree = "<group>";
		};
		96459B0E2747C3EF00FF9E58 /* Main */ = {
			isa = PBXGroup;
			children = (
				96459B152747CE5900FF9E58 /* Model */,
				96459AF32747BF6B00FF9E58 /* MainViewController.swift */,
				96459B0F2747C45800FF9E58 /* MainViewModel.swift */,
				96459B112747CB7F00FF9E58 /* MainCell.swift */,
				96459B1A2747CF9800FF9E58 /* MainService.swift */,
			);
			path = Main;
			sourceTree = "<group>";
		};
		96459B152747CE5900FF9E58 /* Model */ = {
			isa = PBXGroup;
			children = (
				96459B132747CE4700FF9E58 /* Lectures.swift */,
				96459B162747CE6600FF9E58 /* Pagination.swift */,
				96459B182747CE6E00FF9E58 /* Lecture.swift */,
			);
			path = Model;
			sourceTree = "<group>";
		};
/* End PBXGroup section */

/* Begin PBXNativeTarget section */
		96459AEB2747BF6B00FF9E58 /* test_example */ = {
			isa = PBXNativeTarget;
			buildConfigurationList = 96459B002747BF6D00FF9E58 /* Build configuration list for PBXNativeTarget "test_example" */;
			buildPhases = (
				96459AE82747BF6B00FF9E58 /* Sources */,
				96459AE92747BF6B00FF9E58 /* Frameworks */,
				96459AEA2747BF6B00FF9E58 /* Resources */,
			);
			buildRules = (
			);
			dependencies = (
			);
			name = test_example;
			productName = test_example;
			productReference = 96459AEC2747BF6B00FF9E58 /* test_example.app */;
			productType = "com.apple.product-type.application";
		};
/* End PBXNativeTarget section */

/* Begin PBXProject section */
		96459AE42747BF6B00FF9E58 /* Project object */ = {
			isa = PBXProject;
			attributes = {
				BuildIndependentTargetsInParallel = 1;
				LastSwiftUpdateCheck = 1310;
				LastUpgradeCheck = 1310;
				TargetAttributes = {
					96459AEB2747BF6B00FF9E58 = {
						CreatedOnToolsVersion = 13.1;
					};
				};
			};
			buildConfigurationList = 96459AE72747BF6B00FF9E58 /* Build configuration list for PBXProject "test_example" */;
			compatibilityVersion = "Xcode 13.0";
			developmentRegion = en;
			hasScannedForEncodings = 0;
			knownRegions = (
				en,
				Base,
			);
			mainGroup = 96459AE32747BF6B00FF9E58;
			productRefGroup = 96459AED2747BF6B00FF9E58 /* Products */;
			projectDirPath = "";
			projectRoot = "";
			targets = (
				96459AEB2747BF6B00FF9E58 /* test_example */,
			);
		};
/* End PBXProject section */

/* Begin PBXResourcesBuildPhase section */
		96459AEA2747BF6B00FF9E58 /* Resources */ = {
			isa = PBXResourcesBuildPhase;
			buildActionMask = 2147483647;
			files = (
				96459AFC2747BF6D00FF9E58 /* LaunchScreen.storyboard in Resources */,
				96459AF92747BF6D00FF9E58 /* Assets.xcassets in Resources */,
			);
			runOnlyForDeploymentPostprocessing = 0;
		};
/* End PBXResourcesBuildPhase section */

/* Begin PBXSourcesBuildPhase section */
		96459AE82747BF6B00FF9E58 /* Sources */ = {
			isa = PBXSourcesBuildPhase;
			buildActionMask = 2147483647;
			files = (
				96459B192747CE6E00FF9E58 /* Lecture.swift in Sources */,
				96459B142747CE4700FF9E58 /* Lectures.swift in Sources */,
				96459B102747C45800FF9E58 /* MainViewModel.swift in Sources */,
				96459B122747CB7F00FF9E58 /* MainCell.swift in Sources */,
				96459AF42747BF6B00FF9E58 /* MainViewController.swift in Sources */,
				96459B082747C08500FF9E58 /* LogConfig.swift in Sources */,
				96459AF02747BF6B00FF9E58 /* AppDelegate.swift in Sources */,
				96459B172747CE6600FF9E58 /* Pagination.swift in Sources */,
				96459B1B2747CF9800FF9E58 /* MainService.swift in Sources */,
				96459AF22747BF6B00FF9E58 /* SceneDelegate.swift in Sources */,
				96459B042747BFB500FF9E58 /* URLConsts.swift in Sources */,
			);
			runOnlyForDeploymentPostprocessing = 0;
		};
/* End PBXSourcesBuildPhase section */

/* Begin PBXVariantGroup section */
		96459AFA2747BF6D00FF9E58 /* LaunchScreen.storyboard */ = {
			isa = PBXVariantGroup;
			children = (
				96459AFB2747BF6D00FF9E58 /* Base */,
			);
			name = LaunchScreen.storyboard;
			sourceTree = "<group>";
		};
/* End PBXVariantGroup section */

/* Begin XCBuildConfiguration section */
		96459AFE2747BF6D00FF9E58 /* Debug */ = {
			isa = XCBuildConfiguration;
			buildSettings = {
				ALWAYS_SEARCH_USER_PATHS = NO;
				CLANG_ANALYZER_NONNULL = YES;
				CLANG_ANALYZER_NUMBER_OBJECT_CONVERSION = YES_AGGRESSIVE;
				CLANG_CXX_LANGUAGE_STANDARD = "gnu++17";
				CLANG_CXX_LIBRARY = "libc++";
				CLANG_ENABLE_MODULES = YES;
				CLANG_ENABLE_OBJC_ARC = YES;
				CLANG_ENABLE_OBJC_WEAK = YES;
				CLANG_WARN_BLOCK_CAPTURE_AUTORELEASING = YES;
				CLANG_WARN_BOOL_CONVERSION = YES;
				CLANG_WARN_COMMA = YES;
				CLANG_WARN_CONSTANT_CONVERSION = YES;
				CLANG_WARN_DEPRECATED_OBJC_IMPLEMENTATIONS = YES;
				CLANG_WARN_DIRECT_OBJC_ISA_USAGE = YES_ERROR;
				CLANG_WARN_DOCUMENTATION_COMMENTS = YES;
				CLANG_WARN_EMPTY_BODY = YES;
				CLANG_WARN_ENUM_CONVERSION = YES;
				CLANG_WARN_INFINITE_RECURSION = YES;
				CLANG_WARN_INT_CONVERSION = YES;
				CLANG_WARN_NON_LITERAL_NULL_CONVERSION = YES;
				CLANG_WARN_OBJC_IMPLICIT_RETAIN_SELF = YES;
				CLANG_WARN_OBJC_LITERAL_CONVERSION = YES;
				CLANG_WARN_OBJC_ROOT_CLASS = YES_ERROR;
				CLANG_WARN_QUOTED_INCLUDE_IN_FRAMEWORK_HEADER = YES;
				CLANG_WARN_RANGE_LOOP_ANALYSIS = YES;
				CLANG_WARN_STRICT_PROTOTYPES = YES;
				CLANG_WARN_SUSPICIOUS_MOVE = YES;
				CLANG_WARN_UNGUARDED_AVAILABILITY = YES_AGGRESSIVE;
				CLANG_WARN_UNREACHABLE_CODE = YES;
				CLANG_WARN__DUPLICATE_METHOD_MATCH = YES;
				COPY_PHASE_STRIP = NO;
				DEBUG_INFORMATION_FORMAT = dwarf;
				ENABLE_STRICT_OBJC_MSGSEND = YES;
				ENABLE_TESTABILITY = YES;
				GCC_C_LANGUAGE_STANDARD = gnu11;
				GCC_DYNAMIC_NO_PIC = NO;
				GCC_NO_COMMON_BLOCKS = YES;
				GCC_OPTIMIZATION_LEVEL = 0;
				GCC_PREPROCESSOR_DEFINITIONS = (
					"DEBUG=1",
					"$(inherited)",
				);
				GCC_WARN_64_TO_32_BIT_CONVERSION = YES;
				GCC_WARN_ABOUT_RETURN_TYPE = YES_ERROR;
				GCC_WARN_UNDECLARED_SELECTOR = YES;
				GCC_WARN_UNINITIALIZED_AUTOS = YES_AGGRESSIVE;
				GCC_WARN_UNUSED_FUNCTION = YES;
				GCC_WARN_UNUSED_VARIABLE = YES;
				IPHONEOS_DEPLOYMENT_TARGET = 15.0;
				MTL_ENABLE_DEBUG_INFO = INCLUDE_SOURCE;
				MTL_FAST_MATH = YES;
				ONLY_ACTIVE_ARCH = YES;
				SDKROOT = iphoneos;
				SWIFT_ACTIVE_COMPILATION_CONDITIONS = DEBUG;
				SWIFT_OPTIMIZATION_LEVEL = "-Onone";
			};
			name = Debug;
		};
		96459AFF2747BF6D00FF9E58 /* Release */ = {
			isa = XCBuildConfiguration;
			buildSettings = {
				ALWAYS_SEARCH_USER_PATHS = NO;
				CLANG_ANALYZER_NONNULL = YES;
				CLANG_ANALYZER_NUMBER_OBJECT_CONVERSION = YES_AGGRESSIVE;
				CLANG_CXX_LANGUAGE_STANDARD = "gnu++17";
				CLANG_CXX_LIBRARY = "libc++";
				CLANG_ENABLE_MODULES = YES;
				CLANG_ENABLE_OBJC_ARC = YES;
				CLANG_ENABLE_OBJC_WEAK = YES;
				CLANG_WARN_BLOCK_CAPTURE_AUTORELEASING = YES;
				CLANG_WARN_BOOL_CONVERSION = YES;
				CLANG_WARN_COMMA = YES;
				CLANG_WARN_CONSTANT_CONVERSION = YES;
				CLANG_WARN_DEPRECATED_OBJC_IMPLEMENTATIONS = YES;
				CLANG_WARN_DIRECT_OBJC_ISA_USAGE = YES_ERROR;
				CLANG_WARN_DOCUMENTATION_COMMENTS = YES;
				CLANG_WARN_EMPTY_BODY = YES;
				CLANG_WARN_ENUM_CONVERSION = YES;
				CLANG_WARN_INFINITE_RECURSION = YES;
				CLANG_WARN_INT_CONVERSION = YES;
				CLANG_WARN_NON_LITERAL_NULL_CONVERSION = YES;
				CLANG_WARN_OBJC_IMPLICIT_RETAIN_SELF = YES;
				CLANG_WARN_OBJC_LITERAL_CONVERSION = YES;
				CLANG_WARN_OBJC_ROOT_CLASS = YES_ERROR;
				CLANG_WARN_QUOTED_INCLUDE_IN_FRAMEWORK_HEADER = YES;
				CLANG_WARN_RANGE_LOOP_ANALYSIS = YES;
				CLANG_WARN_STRICT_PROTOTYPES = YES;
				CLANG_WARN_SUSPICIOUS_MOVE = YES;
				CLANG_WARN_UNGUARDED_AVAILABILITY = YES_AGGRESSIVE;
				CLANG_WARN_UNREACHABLE_CODE = YES;
				CLANG_WARN__DUPLICATE_METHOD_MATCH = YES;
				COPY_PHASE_STRIP = NO;
				DEBUG_INFORMATION_FORMAT = "dwarf-with-dsym";
				ENABLE_NS_ASSERTIONS = NO;
				ENABLE_STRICT_OBJC_MSGSEND = YES;
				GCC_C_LANGUAGE_STANDARD = gnu11;
				GCC_NO_COMMON_BLOCKS = YES;
				GCC_WARN_64_TO_32_BIT_CONVERSION = YES;
				GCC_WARN_ABOUT_RETURN_TYPE = YES_ERROR;
				GCC_WARN_UNDECLARED_SELECTOR = YES;
				GCC_WARN_UNINITIALIZED_AUTOS = YES_AGGRESSIVE;
				GCC_WARN_UNUSED_FUNCTION = YES;
				GCC_WARN_UNUSED_VARIABLE = YES;
				IPHONEOS_DEPLOYMENT_TARGET = 15.0;
				MTL_ENABLE_DEBUG_INFO = NO;
				MTL_FAST_MATH = YES;
				SDKROOT = iphoneos;
				SWIFT_COMPILATION_MODE = wholemodule;
				SWIFT_OPTIMIZATION_LEVEL = "-O";
				VALIDATE_PRODUCT = YES;
			};
			name = Release;
		};
		96459B012747BF6D00FF9E58 /* Debug */ = {
			isa = XCBuildConfiguration;
			buildSettings = {
				ASSETCATALOG_COMPILER_APPICON_NAME = AppIcon;
				ASSETCATALOG_COMPILER_GLOBAL_ACCENT_COLOR_NAME = AccentColor;
				CODE_SIGN_STYLE = Automatic;
				CURRENT_PROJECT_VERSION = 1;
				DEVELOPMENT_TEAM = 3CY8UX9N2S;
				GENERATE_INFOPLIST_FILE = YES;
				INFOPLIST_FILE = test_example/Info.plist;
				INFOPLIST_KEY_UIApplicationSupportsIndirectInputEvents = YES;
				INFOPLIST_KEY_UILaunchStoryboardName = LaunchScreen;
				INFOPLIST_KEY_UISupportedInterfaceOrientations_iPad = "UIInterfaceOrientationPortrait UIInterfaceOrientationPortraitUpsideDown UIInterfaceOrientationLandscapeLeft UIInterfaceOrientationLandscapeRight";
				INFOPLIST_KEY_UISupportedInterfaceOrientations_iPhone = "UIInterfaceOrientationPortrait UIInterfaceOrientationLandscapeLeft UIInterfaceOrientationLandscapeRight";
				LD_RUNPATH_SEARCH_PATHS = (
					"$(inherited)",
					"@executable_path/Frameworks",
				);
				MARKETING_VERSION = 1.0;
				PRODUCT_BUNDLE_IDENTIFIER = "yeahsilver.test-example";
				PRODUCT_NAME = "$(TARGET_NAME)";
				SWIFT_EMIT_LOC_STRINGS = YES;
				SWIFT_VERSION = 5.0;
				TARGETED_DEVICE_FAMILY = "1,2";
			};
			name = Debug;
		};
		96459B022747BF6D00FF9E58 /* Release */ = {
			isa = XCBuildConfiguration;
			buildSettings = {
				ASSETCATALOG_COMPILER_APPICON_NAME = AppIcon;
				ASSETCATALOG_COMPILER_GLOBAL_ACCENT_COLOR_NAME = AccentColor;
				CODE_SIGN_STYLE = Automatic;
				CURRENT_PROJECT_VERSION = 1;
				DEVELOPMENT_TEAM = 3CY8UX9N2S;
				GENERATE_INFOPLIST_FILE = YES;
				INFOPLIST_FILE = test_example/Info.plist;
				INFOPLIST_KEY_UIApplicationSupportsIndirectInputEvents = YES;
				INFOPLIST_KEY_UILaunchStoryboardName = LaunchScreen;
				INFOPLIST_KEY_UISupportedInterfaceOrientations_iPad = "UIInterfaceOrientationPortrait UIInterfaceOrientationPortraitUpsideDown UIInterfaceOrientationLandscapeLeft UIInterfaceOrientationLandscapeRight";
				INFOPLIST_KEY_UISupportedInterfaceOrientations_iPhone = "UIInterfaceOrientationPortrait UIInterfaceOrientationLandscapeLeft UIInterfaceOrientationLandscapeRight";
				LD_RUNPATH_SEARCH_PATHS = (
					"$(inherited)",
					"@executable_path/Frameworks",
				);
				MARKETING_VERSION = 1.0;
				PRODUCT_BUNDLE_IDENTIFIER = "yeahsilver.test-example";
				PRODUCT_NAME = "$(TARGET_NAME)";
				SWIFT_EMIT_LOC_STRINGS = YES;
				SWIFT_VERSION = 5.0;
				TARGETED_DEVICE_FAMILY = "1,2";
			};
			name = Release;
		};
/* End XCBuildConfiguration section */

/* Begin XCConfigurationList section */
		96459AE72747BF6B00FF9E58 /* Build configuration list for PBXProject "test_example" */ = {
			isa = XCConfigurationList;
			buildConfigurations = (
				96459AFE2747BF6D00FF9E58 /* Debug */,
				96459AFF2747BF6D00FF9E58 /* Release */,
			);
			defaultConfigurationIsVisible = 0;
			defaultConfigurationName = Release;
		};
		96459B002747BF6D00FF9E58 /* Build configuration list for PBXNativeTarget "test_example" */ = {
			isa = XCConfigurationList;
			buildConfigurations = (
				96459B012747BF6D00FF9E58 /* Debug */,
				96459B022747BF6D00FF9E58 /* Release */,
			);
			defaultConfigurationIsVisible = 0;
			defaultConfigurationName = Release;
		};
/* End XCConfigurationList section */
	};
	rootObject = 96459AE42747BF6B00FF9E58 /* Project object */;
}
