// !$*UTF8*$!
{
	archiveVersion = 1;
	classes = {
	};
	objectVersion = 50;
	objects = {

/* Begin PBXBuildFile section */
		968A4DDE249F870700473616 /* AppDelegate.swift in Sources */ = {isa = PBXBuildFile; fileRef = 968A4DDD249F870700473616 /* AppDelegate.swift */; };
		968A4DE0249F870700473616 /* SceneDelegate.swift in Sources */ = {isa = PBXBuildFile; fileRef = 968A4DDF249F870700473616 /* SceneDelegate.swift */; };
		968A4DE5249F870700473616 /* Main.storyboard in Resources */ = {isa = PBXBuildFile; fileRef = 968A4DE3249F870700473616 /* Main.storyboard */; };
		968A4DE7249F870700473616 /* Assets.xcassets in Resources */ = {isa = PBXBuildFile; fileRef = 968A4DE6249F870700473616 /* Assets.xcassets */; };
		968A4DEA249F870700473616 /* LaunchScreen.storyboard in Resources */ = {isa = PBXBuildFile; fileRef = 968A4DE8249F870700473616 /* LaunchScreen.storyboard */; };
		968A4DF5249F870700473616 /* BountyListTests.swift in Sources */ = {isa = PBXBuildFile; fileRef = 968A4DF4249F870700473616 /* BountyListTests.swift */; };
		968A4E00249F870700473616 /* BountyListUITests.swift in Sources */ = {isa = PBXBuildFile; fileRef = 968A4DFF249F870700473616 /* BountyListUITests.swift */; };
		968A4E0E249F872600473616 /* BountyViewController.swift in Sources */ = {isa = PBXBuildFile; fileRef = 968A4E0D249F872600473616 /* BountyViewController.swift */; };
		96EA0B8D24A0E07C00AE19FC /* DetailViewController.swift in Sources */ = {isa = PBXBuildFile; fileRef = 96EA0B8C24A0E07C00AE19FC /* DetailViewController.swift */; };
/* End PBXBuildFile section */

/* Begin PBXContainerItemProxy section */
		968A4DF1249F870700473616 /* PBXContainerItemProxy */ = {
			isa = PBXContainerItemProxy;
			containerPortal = 968A4DD2249F870700473616 /* Project object */;
			proxyType = 1;
			remoteGlobalIDString = 968A4DD9249F870700473616;
			remoteInfo = BountyList;
		};
		968A4DFC249F870700473616 /* PBXContainerItemProxy */ = {
			isa = PBXContainerItemProxy;
			containerPortal = 968A4DD2249F870700473616 /* Project object */;
			proxyType = 1;
			remoteGlobalIDString = 968A4DD9249F870700473616;
			remoteInfo = BountyList;
		};
/* End PBXContainerItemProxy section */

/* Begin PBXFileReference section */
		968A4DDA249F870700473616 /* BountyList.app */ = {isa = PBXFileReference; explicitFileType = wrapper.application; includeInIndex = 0; path = BountyList.app; sourceTree = BUILT_PRODUCTS_DIR; };
		968A4DDD249F870700473616 /* AppDelegate.swift */ = {isa = PBXFileReference; lastKnownFileType = sourcecode.swift; path = AppDelegate.swift; sourceTree = "<group>"; };
		968A4DDF249F870700473616 /* SceneDelegate.swift */ = {isa = PBXFileReference; lastKnownFileType = sourcecode.swift; path = SceneDelegate.swift; sourceTree = "<group>"; };
		968A4DE4249F870700473616 /* Base */ = {isa = PBXFileReference; lastKnownFileType = file.storyboard; name = Base; path = Base.lproj/Main.storyboard; sourceTree = "<group>"; };
		968A4DE6249F870700473616 /* Assets.xcassets */ = {isa = PBXFileReference; lastKnownFileType = folder.assetcatalog; path = Assets.xcassets; sourceTree = "<group>"; };
		968A4DE9249F870700473616 /* Base */ = {isa = PBXFileReference; lastKnownFileType = file.storyboard; name = Base; path = Base.lproj/LaunchScreen.storyboard; sourceTree = "<group>"; };
		968A4DEB249F870700473616 /* Info.plist */ = {isa = PBXFileReference; lastKnownFileType = text.plist.xml; path = Info.plist; sourceTree = "<group>"; };
		968A4DF0249F870700473616 /* BountyListTests.xctest */ = {isa = PBXFileReference; explicitFileType = wrapper.cfbundle; includeInIndex = 0; path = BountyListTests.xctest; sourceTree = BUILT_PRODUCTS_DIR; };
		968A4DF4249F870700473616 /* BountyListTests.swift */ = {isa = PBXFileReference; lastKnownFileType = sourcecode.swift; path = BountyListTests.swift; sourceTree = "<group>"; };
		968A4DF6249F870700473616 /* Info.plist */ = {isa = PBXFileReference; lastKnownFileType = text.plist.xml; path = Info.plist; sourceTree = "<group>"; };
		968A4DFB249F870700473616 /* BountyListUITests.xctest */ = {isa = PBXFileReference; explicitFileType = wrapper.cfbundle; includeInIndex = 0; path = BountyListUITests.xctest; sourceTree = BUILT_PRODUCTS_DIR; };
		968A4DFF249F870700473616 /* BountyListUITests.swift */ = {isa = PBXFileReference; lastKnownFileType = sourcecode.swift; path = BountyListUITests.swift; sourceTree = "<group>"; };
		968A4E01249F870700473616 /* Info.plist */ = {isa = PBXFileReference; lastKnownFileType = text.plist.xml; path = Info.plist; sourceTree = "<group>"; };
		968A4E0D249F872600473616 /* BountyViewController.swift */ = {isa = PBXFileReference; lastKnownFileType = sourcecode.swift; path = BountyViewController.swift; sourceTree = "<group>"; };
		96EA0B8C24A0E07C00AE19FC /* DetailViewController.swift */ = {isa = PBXFileReference; lastKnownFileType = sourcecode.swift; path = DetailViewController.swift; sourceTree = "<group>"; };
/* End PBXFileReference section */

/* Begin PBXFrameworksBuildPhase section */
		968A4DD7249F870700473616 /* Frameworks */ = {
			isa = PBXFrameworksBuildPhase;
			buildActionMask = 2147483647;
			files = (
			);
			runOnlyForDeploymentPostprocessing = 0;
		};
		968A4DED249F870700473616 /* Frameworks */ = {
			isa = PBXFrameworksBuildPhase;
			buildActionMask = 2147483647;
			files = (
			);
			runOnlyForDeploymentPostprocessing = 0;
		};
		968A4DF8249F870700473616 /* Frameworks */ = {
			isa = PBXFrameworksBuildPhase;
			buildActionMask = 2147483647;
			files = (
			);
			runOnlyForDeploymentPostprocessing = 0;
		};
/* End PBXFrameworksBuildPhase section */

/* Begin PBXGroup section */
		968A4DD1249F870600473616 = {
			isa = PBXGroup;
			children = (
				968A4DDC249F870700473616 /* BountyList */,
				968A4DF3249F870700473616 /* BountyListTests */,
				968A4DFE249F870700473616 /* BountyListUITests */,
				968A4DDB249F870700473616 /* Products */,
			);
			sourceTree = "<group>";
		};
		968A4DDB249F870700473616 /* Products */ = {
			isa = PBXGroup;
			children = (
				968A4DDA249F870700473616 /* BountyList.app */,
				968A4DF0249F870700473616 /* BountyListTests.xctest */,
				968A4DFB249F870700473616 /* BountyListUITests.xctest */,
			);
			name = Products;
			sourceTree = "<group>";
		};
		968A4DDC249F870700473616 /* BountyList */ = {
			isa = PBXGroup;
			children = (
				968A4DDD249F870700473616 /* AppDelegate.swift */,
				968A4DDF249F870700473616 /* SceneDelegate.swift */,
				968A4E0D249F872600473616 /* BountyViewController.swift */,
				968A4DE3249F870700473616 /* Main.storyboard */,
				96EA0B8C24A0E07C00AE19FC /* DetailViewController.swift */,
				968A4DE6249F870700473616 /* Assets.xcassets */,
				968A4DE8249F870700473616 /* LaunchScreen.storyboard */,
				968A4DEB249F870700473616 /* Info.plist */,
			);
			path = BountyList;
			sourceTree = "<group>";
		};
		968A4DF3249F870700473616 /* BountyListTests */ = {
			isa = PBXGroup;
			children = (
				968A4DF4249F870700473616 /* BountyListTests.swift */,
				968A4DF6249F870700473616 /* Info.plist */,
			);
			path = BountyListTests;
			sourceTree = "<group>";
		};
		968A4DFE249F870700473616 /* BountyListUITests */ = {
			isa = PBXGroup;
			children = (
				968A4DFF249F870700473616 /* BountyListUITests.swift */,
				968A4E01249F870700473616 /* Info.plist */,
			);
			path = BountyListUITests;
			sourceTree = "<group>";
		};
/* End PBXGroup section */

/* Begin PBXNativeTarget section */
		968A4DD9249F870700473616 /* BountyList */ = {
			isa = PBXNativeTarget;
			buildConfigurationList = 968A4E04249F870700473616 /* Build configuration list for PBXNativeTarget "BountyList" */;
			buildPhases = (
				968A4DD6249F870700473616 /* Sources */,
				968A4DD7249F870700473616 /* Frameworks */,
				968A4DD8249F870700473616 /* Resources */,
			);
			buildRules = (
			);
			dependencies = (
			);
			name = BountyList;
			productName = BountyList;
			productReference = 968A4DDA249F870700473616 /* BountyList.app */;
			productType = "com.apple.product-type.application";
		};
		968A4DEF249F870700473616 /* BountyListTests */ = {
			isa = PBXNativeTarget;
			buildConfigurationList = 968A4E07249F870700473616 /* Build configuration list for PBXNativeTarget "BountyListTests" */;
			buildPhases = (
				968A4DEC249F870700473616 /* Sources */,
				968A4DED249F870700473616 /* Frameworks */,
				968A4DEE249F870700473616 /* Resources */,
			);
			buildRules = (
			);
			dependencies = (
				968A4DF2249F870700473616 /* PBXTargetDependency */,
			);
			name = BountyListTests;
			productName = BountyListTests;
			productReference = 968A4DF0249F870700473616 /* BountyListTests.xctest */;
			productType = "com.apple.product-type.bundle.unit-test";
		};
		968A4DFA249F870700473616 /* BountyListUITests */ = {
			isa = PBXNativeTarget;
			buildConfigurationList = 968A4E0A249F870700473616 /* Build configuration list for PBXNativeTarget "BountyListUITests" */;
			buildPhases = (
				968A4DF7249F870700473616 /* Sources */,
				968A4DF8249F870700473616 /* Frameworks */,
				968A4DF9249F870700473616 /* Resources */,
			);
			buildRules = (
			);
			dependencies = (
				968A4DFD249F870700473616 /* PBXTargetDependency */,
			);
			name = BountyListUITests;
			productName = BountyListUITests;
			productReference = 968A4DFB249F870700473616 /* BountyListUITests.xctest */;
			productType = "com.apple.product-type.bundle.ui-testing";
		};
/* End PBXNativeTarget section */

/* Begin PBXProject section */
		968A4DD2249F870700473616 /* Project object */ = {
			isa = PBXProject;
			attributes = {
				LastSwiftUpdateCheck = 1150;
				LastUpgradeCheck = 1150;
				ORGANIZATIONNAME = "허예은";
				TargetAttributes = {
					968A4DD9249F870700473616 = {
						CreatedOnToolsVersion = 11.5;
					};
					968A4DEF249F870700473616 = {
						CreatedOnToolsVersion = 11.5;
						TestTargetID = 968A4DD9249F870700473616;
					};
					968A4DFA249F870700473616 = {
						CreatedOnToolsVersion = 11.5;
						TestTargetID = 968A4DD9249F870700473616;
					};
				};
			};
			buildConfigurationList = 968A4DD5249F870700473616 /* Build configuration list for PBXProject "BountyList" */;
			compatibilityVersion = "Xcode 9.3";
			developmentRegion = en;
			hasScannedForEncodings = 0;
			knownRegions = (
				en,
				Base,
			);
			mainGroup = 968A4DD1249F870600473616;
			productRefGroup = 968A4DDB249F870700473616 /* Products */;
			projectDirPath = "";
			projectRoot = "";
			targets = (
				968A4DD9249F870700473616 /* BountyList */,
				968A4DEF249F870700473616 /* BountyListTests */,
				968A4DFA249F870700473616 /* BountyListUITests */,
			);
		};
/* End PBXProject section */

/* Begin PBXResourcesBuildPhase section */
		968A4DD8249F870700473616 /* Resources */ = {
			isa = PBXResourcesBuildPhase;
			buildActionMask = 2147483647;
			files = (
				968A4DEA249F870700473616 /* LaunchScreen.storyboard in Resources */,
				968A4DE7249F870700473616 /* Assets.xcassets in Resources */,
				968A4DE5249F870700473616 /* Main.storyboard in Resources */,
			);
			runOnlyForDeploymentPostprocessing = 0;
		};
		968A4DEE249F870700473616 /* Resources */ = {
			isa = PBXResourcesBuildPhase;
			buildActionMask = 2147483647;
			files = (
			);
			runOnlyForDeploymentPostprocessing = 0;
		};
		968A4DF9249F870700473616 /* Resources */ = {
			isa = PBXResourcesBuildPhase;
			buildActionMask = 2147483647;
			files = (
			);
			runOnlyForDeploymentPostprocessing = 0;
		};
/* End PBXResourcesBuildPhase section */

/* Begin PBXSourcesBuildPhase section */
		968A4DD6249F870700473616 /* Sources */ = {
			isa = PBXSourcesBuildPhase;
			buildActionMask = 2147483647;
			files = (
				968A4DDE249F870700473616 /* AppDelegate.swift in Sources */,
				968A4E0E249F872600473616 /* BountyViewController.swift in Sources */,
				968A4DE0249F870700473616 /* SceneDelegate.swift in Sources */,
				96EA0B8D24A0E07C00AE19FC /* DetailViewController.swift in Sources */,
			);
			runOnlyForDeploymentPostprocessing = 0;
		};
		968A4DEC249F870700473616 /* Sources */ = {
			isa = PBXSourcesBuildPhase;
			buildActionMask = 2147483647;
			files = (
				968A4DF5249F870700473616 /* BountyListTests.swift in Sources */,
			);
			runOnlyForDeploymentPostprocessing = 0;
		};
		968A4DF7249F870700473616 /* Sources */ = {
			isa = PBXSourcesBuildPhase;
			buildActionMask = 2147483647;
			files = (
				968A4E00249F870700473616 /* BountyListUITests.swift in Sources */,
			);
			runOnlyForDeploymentPostprocessing = 0;
		};
/* End PBXSourcesBuildPhase section */

/* Begin PBXTargetDependency section */
		968A4DF2249F870700473616 /* PBXTargetDependency */ = {
			isa = PBXTargetDependency;
			target = 968A4DD9249F870700473616 /* BountyList */;
			targetProxy = 968A4DF1249F870700473616 /* PBXContainerItemProxy */;
		};
		968A4DFD249F870700473616 /* PBXTargetDependency */ = {
			isa = PBXTargetDependency;
			target = 968A4DD9249F870700473616 /* BountyList */;
			targetProxy = 968A4DFC249F870700473616 /* PBXContainerItemProxy */;
		};
/* End PBXTargetDependency section */

/* Begin PBXVariantGroup section */
		968A4DE3249F870700473616 /* Main.storyboard */ = {
			isa = PBXVariantGroup;
			children = (
				968A4DE4249F870700473616 /* Base */,
			);
			name = Main.storyboard;
			sourceTree = "<group>";
		};
		968A4DE8249F870700473616 /* LaunchScreen.storyboard */ = {
			isa = PBXVariantGroup;
			children = (
				968A4DE9249F870700473616 /* Base */,
			);
			name = LaunchScreen.storyboard;
			sourceTree = "<group>";
		};
/* End PBXVariantGroup section */

/* Begin XCBuildConfiguration section */
		968A4E02249F870700473616 /* Debug */ = {
			isa = XCBuildConfiguration;
			buildSettings = {
				ALWAYS_SEARCH_USER_PATHS = NO;
				CLANG_ANALYZER_NONNULL = YES;
				CLANG_ANALYZER_NUMBER_OBJECT_CONVERSION = YES_AGGRESSIVE;
				CLANG_CXX_LANGUAGE_STANDARD = "gnu++14";
				CLANG_CXX_LIBRARY = "libc++";
				CLANG_ENABLE_MODULES = YES;
				CLANG_ENABLE_OBJC_ARC = YES;
				CLANG_ENABLE_OBJC_WEAK = YES;
				CLANG_WARN_BLOCK_CAPTURE_AUTORELEASING = YES;
				CLANG_WARN_BOOL_CONVERSION = YES;
				CLANG_WARN_COMMA = YES;
				CLANG_WARN_CONSTANT_CONVERSION = YES;
				CLANG_WARN_DEPRECATED_OBJC_IMPLEMENTATIONS = YES;
				CLANG_WARN_DIRECT_OBJC_ISA_USAGE = YES_ERROR;
				CLANG_WARN_DOCUMENTATION_COMMENTS = YES;
				CLANG_WARN_EMPTY_BODY = YES;
				CLANG_WARN_ENUM_CONVERSION = YES;
				CLANG_WARN_INFINITE_RECURSION = YES;
				CLANG_WARN_INT_CONVERSION = YES;
				CLANG_WARN_NON_LITERAL_NULL_CONVERSION = YES;
				CLANG_WARN_OBJC_IMPLICIT_RETAIN_SELF = YES;
				CLANG_WARN_OBJC_LITERAL_CONVERSION = YES;
				CLANG_WARN_OBJC_ROOT_CLASS = YES_ERROR;
				CLANG_WARN_RANGE_LOOP_ANALYSIS = YES;
				CLANG_WARN_STRICT_PROTOTYPES = YES;
				CLANG_WARN_SUSPICIOUS_MOVE = YES;
				CLANG_WARN_UNGUARDED_AVAILABILITY = YES_AGGRESSIVE;
				CLANG_WARN_UNREACHABLE_CODE = YES;
				CLANG_WARN__DUPLICATE_METHOD_MATCH = YES;
				COPY_PHASE_STRIP = NO;
				DEBUG_INFORMATION_FORMAT = dwarf;
				ENABLE_STRICT_OBJC_MSGSEND = YES;
				ENABLE_TESTABILITY = YES;
				GCC_C_LANGUAGE_STANDARD = gnu11;
				GCC_DYNAMIC_NO_PIC = NO;
				GCC_NO_COMMON_BLOCKS = YES;
				GCC_OPTIMIZATION_LEVEL = 0;
				GCC_PREPROCESSOR_DEFINITIONS = (
					"DEBUG=1",
					"$(inherited)",
				);
				GCC_WARN_64_TO_32_BIT_CONVERSION = YES;
				GCC_WARN_ABOUT_RETURN_TYPE = YES_ERROR;
				GCC_WARN_UNDECLARED_SELECTOR = YES;
				GCC_WARN_UNINITIALIZED_AUTOS = YES_AGGRESSIVE;
				GCC_WARN_UNUSED_FUNCTION = YES;
				GCC_WARN_UNUSED_VARIABLE = YES;
				IPHONEOS_DEPLOYMENT_TARGET = 13.5;
				MTL_ENABLE_DEBUG_INFO = INCLUDE_SOURCE;
				MTL_FAST_MATH = YES;
				ONLY_ACTIVE_ARCH = YES;
				SDKROOT = iphoneos;
				SWIFT_ACTIVE_COMPILATION_CONDITIONS = DEBUG;
				SWIFT_OPTIMIZATION_LEVEL = "-Onone";
			};
			name = Debug;
		};
		968A4E03249F870700473616 /* Release */ = {
			isa = XCBuildConfiguration;
			buildSettings = {
				ALWAYS_SEARCH_USER_PATHS = NO;
				CLANG_ANALYZER_NONNULL = YES;
				CLANG_ANALYZER_NUMBER_OBJECT_CONVERSION = YES_AGGRESSIVE;
				CLANG_CXX_LANGUAGE_STANDARD = "gnu++14";
				CLANG_CXX_LIBRARY = "libc++";
				CLANG_ENABLE_MODULES = YES;
				CLANG_ENABLE_OBJC_ARC = YES;
				CLANG_ENABLE_OBJC_WEAK = YES;
				CLANG_WARN_BLOCK_CAPTURE_AUTORELEASING = YES;
				CLANG_WARN_BOOL_CONVERSION = YES;
				CLANG_WARN_COMMA = YES;
				CLANG_WARN_CONSTANT_CONVERSION = YES;
				CLANG_WARN_DEPRECATED_OBJC_IMPLEMENTATIONS = YES;
				CLANG_WARN_DIRECT_OBJC_ISA_USAGE = YES_ERROR;
				CLANG_WARN_DOCUMENTATION_COMMENTS = YES;
				CLANG_WARN_EMPTY_BODY = YES;
				CLANG_WARN_ENUM_CONVERSION = YES;
				CLANG_WARN_INFINITE_RECURSION = YES;
				CLANG_WARN_INT_CONVERSION = YES;
				CLANG_WARN_NON_LITERAL_NULL_CONVERSION = YES;
				CLANG_WARN_OBJC_IMPLICIT_RETAIN_SELF = YES;
				CLANG_WARN_OBJC_LITERAL_CONVERSION = YES;
				CLANG_WARN_OBJC_ROOT_CLASS = YES_ERROR;
				CLANG_WARN_RANGE_LOOP_ANALYSIS = YES;
				CLANG_WARN_STRICT_PROTOTYPES = YES;
				CLANG_WARN_SUSPICIOUS_MOVE = YES;
				CLANG_WARN_UNGUARDED_AVAILABILITY = YES_AGGRESSIVE;
				CLANG_WARN_UNREACHABLE_CODE = YES;
				CLANG_WARN__DUPLICATE_METHOD_MATCH = YES;
				COPY_PHASE_STRIP = NO;
				DEBUG_INFORMATION_FORMAT = "dwarf-with-dsym";
				ENABLE_NS_ASSERTIONS = NO;
				ENABLE_STRICT_OBJC_MSGSEND = YES;
				GCC_C_LANGUAGE_STANDARD = gnu11;
				GCC_NO_COMMON_BLOCKS = YES;
				GCC_WARN_64_TO_32_BIT_CONVERSION = YES;
				GCC_WARN_ABOUT_RETURN_TYPE = YES_ERROR;
				GCC_WARN_UNDECLARED_SELECTOR = YES;
				GCC_WARN_UNINITIALIZED_AUTOS = YES_AGGRESSIVE;
				GCC_WARN_UNUSED_FUNCTION = YES;
				GCC_WARN_UNUSED_VARIABLE = YES;
				IPHONEOS_DEPLOYMENT_TARGET = 13.5;
				MTL_ENABLE_DEBUG_INFO = NO;
				MTL_FAST_MATH = YES;
				SDKROOT = iphoneos;
				SWIFT_COMPILATION_MODE = wholemodule;
				SWIFT_OPTIMIZATION_LEVEL = "-O";
				VALIDATE_PRODUCT = YES;
			};
			name = Release;
		};
		968A4E05249F870700473616 /* Debug */ = {
			isa = XCBuildConfiguration;
			buildSettings = {
				ASSETCATALOG_COMPILER_APPICON_NAME = AppIcon;
				CODE_SIGN_STYLE = Automatic;
				DEVELOPMENT_TEAM = 3CY8UX9N2S;
				INFOPLIST_FILE = BountyList/Info.plist;
				LD_RUNPATH_SEARCH_PATHS = (
					"$(inherited)",
					"@executable_path/Frameworks",
				);
				PRODUCT_BUNDLE_IDENTIFIER = YEHEO.BountyList;
				PRODUCT_NAME = "$(TARGET_NAME)";
				SWIFT_VERSION = 5.0;
				TARGETED_DEVICE_FAMILY = "1,2";
			};
			name = Debug;
		};
		968A4E06249F870700473616 /* Release */ = {
			isa = XCBuildConfiguration;
			buildSettings = {
				ASSETCATALOG_COMPILER_APPICON_NAME = AppIcon;
				CODE_SIGN_STYLE = Automatic;
				DEVELOPMENT_TEAM = 3CY8UX9N2S;
				INFOPLIST_FILE = BountyList/Info.plist;
				LD_RUNPATH_SEARCH_PATHS = (
					"$(inherited)",
					"@executable_path/Frameworks",
				);
				PRODUCT_BUNDLE_IDENTIFIER = YEHEO.BountyList;
				PRODUCT_NAME = "$(TARGET_NAME)";
				SWIFT_VERSION = 5.0;
				TARGETED_DEVICE_FAMILY = "1,2";
			};
			name = Release;
		};
		968A4E08249F870700473616 /* Debug */ = {
			isa = XCBuildConfiguration;
			buildSettings = {
				ALWAYS_EMBED_SWIFT_STANDARD_LIBRARIES = YES;
				BUNDLE_LOADER = "$(TEST_HOST)";
				CODE_SIGN_STYLE = Automatic;
				DEVELOPMENT_TEAM = 3CY8UX9N2S;
				INFOPLIST_FILE = BountyListTests/Info.plist;
				IPHONEOS_DEPLOYMENT_TARGET = 13.5;
				LD_RUNPATH_SEARCH_PATHS = (
					"$(inherited)",
					"@executable_path/Frameworks",
					"@loader_path/Frameworks",
				);
				PRODUCT_BUNDLE_IDENTIFIER = YEHEO.BountyListTests;
				PRODUCT_NAME = "$(TARGET_NAME)";
				SWIFT_VERSION = 5.0;
				TARGETED_DEVICE_FAMILY = "1,2";
				TEST_HOST = "$(BUILT_PRODUCTS_DIR)/BountyList.app/BountyList";
			};
			name = Debug;
		};
		968A4E09249F870700473616 /* Release */ = {
			isa = XCBuildConfiguration;
			buildSettings = {
				ALWAYS_EMBED_SWIFT_STANDARD_LIBRARIES = YES;
				BUNDLE_LOADER = "$(TEST_HOST)";
				CODE_SIGN_STYLE = Automatic;
				DEVELOPMENT_TEAM = 3CY8UX9N2S;
				INFOPLIST_FILE = BountyListTests/Info.plist;
				IPHONEOS_DEPLOYMENT_TARGET = 13.5;
				LD_RUNPATH_SEARCH_PATHS = (
					"$(inherited)",
					"@executable_path/Frameworks",
					"@loader_path/Frameworks",
				);
				PRODUCT_BUNDLE_IDENTIFIER = YEHEO.BountyListTests;
				PRODUCT_NAME = "$(TARGET_NAME)";
				SWIFT_VERSION = 5.0;
				TARGETED_DEVICE_FAMILY = "1,2";
				TEST_HOST = "$(BUILT_PRODUCTS_DIR)/BountyList.app/BountyList";
			};
			name = Release;
		};
		968A4E0B249F870700473616 /* Debug */ = {
			isa = XCBuildConfiguration;
			buildSettings = {
				ALWAYS_EMBED_SWIFT_STANDARD_LIBRARIES = YES;
				CODE_SIGN_STYLE = Automatic;
				DEVELOPMENT_TEAM = 3CY8UX9N2S;
				INFOPLIST_FILE = BountyListUITests/Info.plist;
				LD_RUNPATH_SEARCH_PATHS = (
					"$(inherited)",
					"@executable_path/Frameworks",
					"@loader_path/Frameworks",
				);
				PRODUCT_BUNDLE_IDENTIFIER = YEHEO.BountyListUITests;
				PRODUCT_NAME = "$(TARGET_NAME)";
				SWIFT_VERSION = 5.0;
				TARGETED_DEVICE_FAMILY = "1,2";
				TEST_TARGET_NAME = BountyList;
			};
			name = Debug;
		};
		968A4E0C249F870700473616 /* Release */ = {
			isa = XCBuildConfiguration;
			buildSettings = {
				ALWAYS_EMBED_SWIFT_STANDARD_LIBRARIES = YES;
				CODE_SIGN_STYLE = Automatic;
				DEVELOPMENT_TEAM = 3CY8UX9N2S;
				INFOPLIST_FILE = BountyListUITests/Info.plist;
				LD_RUNPATH_SEARCH_PATHS = (
					"$(inherited)",
					"@executable_path/Frameworks",
					"@loader_path/Frameworks",
				);
				PRODUCT_BUNDLE_IDENTIFIER = YEHEO.BountyListUITests;
				PRODUCT_NAME = "$(TARGET_NAME)";
				SWIFT_VERSION = 5.0;
				TARGETED_DEVICE_FAMILY = "1,2";
				TEST_TARGET_NAME = BountyList;
			};
			name = Release;
		};
/* End XCBuildConfiguration section */

/* Begin XCConfigurationList section */
		968A4DD5249F870700473616 /* Build configuration list for PBXProject "BountyList" */ = {
			isa = XCConfigurationList;
			buildConfigurations = (
				968A4E02249F870700473616 /* Debug */,
				968A4E03249F870700473616 /* Release */,
			);
			defaultConfigurationIsVisible = 0;
			defaultConfigurationName = Release;
		};
		968A4E04249F870700473616 /* Build configuration list for PBXNativeTarget "BountyList" */ = {
			isa = XCConfigurationList;
			buildConfigurations = (
				968A4E05249F870700473616 /* Debug */,
				968A4E06249F870700473616 /* Release */,
			);
			defaultConfigurationIsVisible = 0;
			defaultConfigurationName = Release;
		};
		968A4E07249F870700473616 /* Build configuration list for PBXNativeTarget "BountyListTests" */ = {
			isa = XCConfigurationList;
			buildConfigurations = (
				968A4E08249F870700473616 /* Debug */,
				968A4E09249F870700473616 /* Release */,
			);
			defaultConfigurationIsVisible = 0;
			defaultConfigurationName = Release;
		};
		968A4E0A249F870700473616 /* Build configuration list for PBXNativeTarget "BountyListUITests" */ = {
			isa = XCConfigurationList;
			buildConfigurations = (
				968A4E0B249F870700473616 /* Debug */,
				968A4E0C249F870700473616 /* Release */,
			);
			defaultConfigurationIsVisible = 0;
			defaultConfigurationName = Release;
		};
/* End XCConfigurationList section */
	};
	rootObject = 968A4DD2249F870700473616 /* Project object */;
}
